
Microsoft Visual Studio Solution File, Format Version 12.00
# Visual Studio Version 16
VisualStudioVersion = 16.0.29326.143
MinimumVisualStudioVersion = 10.0.40219.1
Project("{FAE04EC0-301F-11D3-BF4B-00C04F79EFBC}") = "Converter", "Converter\Converter.csproj", "{BB463AD7-3CE1-46C1-82EB-F478303143BE}"
EndProject
Global
	GlobalSection(SolutionConfigurationPlatforms) = preSolution
		Debug|Any CPU = Debug|Any CPU
		Release|Any CPU = Release|Any CPU
	EndGlobalSection
	GlobalSection(ProjectConfigurationPlatforms) = postSolution
		{BB463AD7-3CE1-46C1-82EB-F478303143BE}.Debug|Any CPU.ActiveCfg = Debug|Any CPU
		{BB463AD7-3CE1-46C1-82EB-F478303143BE}.Debug|Any CPU.Build.0 = Debug|Any CPU
		{BB463AD7-3CE1-46C1-82EB-F478303143BE}.Release|Any CPU.ActiveCfg = Release|Any CPU
		{BB463AD7-3CE1-46C1-82EB-F478303143BE}.Release|Any CPU.Build.0 = Release|Any CPU
	EndGlobalSection
	GlobalSection(SolutionProperties) = preSolution
		HideSolutionNode = FALSE
	EndGlobalSection
	GlobalSection(ExtensibilityGlobals) = postSolution
		SolutionGuid = {A2A2D2FC-703C-4BE5-BA44-B7837B1AC951}
	EndGlobalSection
EndGlobal
